
Microsoft Visual Studio Solution File, Format Version 12.00
# Visual Studio Version 16
VisualStudioVersion = 16.0.31702.278
MinimumVisualStudioVersion = 10.0.40219.1
Project("{FAE04EC0-301F-11D3-BF4B-00C04F79EFBC}") = "SimpleDotComGameApp", "SimpleDotComGameApp\SimpleDotComGameApp.csproj", "{58655C7F-25E9-4C29-850D-C1ABFD2EDEB1}"
EndProject
Global
	GlobalSection(SolutionConfigurationPlatforms) = preSolution
		Debug|Any CPU = Debug|Any CPU
		Release|Any CPU = Release|Any CPU
	EndGlobalSection
	GlobalSection(ProjectConfigurationPlatforms) = postSolution
		{58655C7F-25E9-4C29-850D-C1ABFD2EDEB1}.Debug|Any CPU.ActiveCfg = Debug|Any CPU
		{58655C7F-25E9-4C29-850D-C1ABFD2EDEB1}.Debug|Any CPU.Build.0 = Debug|Any CPU
		{58655C7F-25E9-4C29-850D-C1ABFD2EDEB1}.Release|Any CPU.ActiveCfg = Release|Any CPU
		{58655C7F-25E9-4C29-850D-C1ABFD2EDEB1}.Release|Any CPU.Build.0 = Release|Any CPU
	EndGlobalSection
	GlobalSection(SolutionProperties) = preSolution
		HideSolutionNode = FALSE
	EndGlobalSection
	GlobalSection(ExtensibilityGlobals) = postSolution
		SolutionGuid = {0CED45DF-11A1-4DDA-A183-22794B74E80E}
	EndGlobalSection
EndGlobal
