
Microsoft Visual Studio Solution File, Format Version 12.00
# Visual Studio Version 16
VisualStudioVersion = 16.0.31702.278
MinimumVisualStudioVersion = 10.0.40219.1
Project("{FAE04EC0-301F-11D3-BF4B-00C04F79EFBC}") = "ExceptionGenerationApp", "ExceptionGenerationApp\ExceptionGenerationApp.csproj", "{90371D0D-B2BF-42C5-B165-C31A9747275B}"
EndProject
Global
	GlobalSection(SolutionConfigurationPlatforms) = preSolution
		Debug|Any CPU = Debug|Any CPU
		Release|Any CPU = Release|Any CPU
	EndGlobalSection
	GlobalSection(ProjectConfigurationPlatforms) = postSolution
		{90371D0D-B2BF-42C5-B165-C31A9747275B}.Debug|Any CPU.ActiveCfg = Debug|Any CPU
		{90371D0D-B2BF-42C5-B165-C31A9747275B}.Debug|Any CPU.Build.0 = Debug|Any CPU
		{90371D0D-B2BF-42C5-B165-C31A9747275B}.Release|Any CPU.ActiveCfg = Release|Any CPU
		{90371D0D-B2BF-42C5-B165-C31A9747275B}.Release|Any CPU.Build.0 = Release|Any CPU
	EndGlobalSection
	GlobalSection(SolutionProperties) = preSolution
		HideSolutionNode = FALSE
	EndGlobalSection
	GlobalSection(ExtensibilityGlobals) = postSolution
		SolutionGuid = {A56B8D34-8E74-4DA4-A520-7C650D0E0A4B}
	EndGlobalSection
EndGlobal
