
Microsoft Visual Studio Solution File, Format Version 12.00
# Visual Studio Version 16
VisualStudioVersion = 16.0.31702.278
MinimumVisualStudioVersion = 10.0.40219.1
Project("{FAE04EC0-301F-11D3-BF4B-00C04F79EFBC}") = "EmployeePolymorphismApp", "EmployeePolymorphismApp\EmployeePolymorphismApp.csproj", "{31A878CE-B0E1-4711-8592-35B8F7D90AB2}"
EndProject
Global
	GlobalSection(SolutionConfigurationPlatforms) = preSolution
		Debug|Any CPU = Debug|Any CPU
		Release|Any CPU = Release|Any CPU
	EndGlobalSection
	GlobalSection(ProjectConfigurationPlatforms) = postSolution
		{31A878CE-B0E1-4711-8592-35B8F7D90AB2}.Debug|Any CPU.ActiveCfg = Debug|Any CPU
		{31A878CE-B0E1-4711-8592-35B8F7D90AB2}.Debug|Any CPU.Build.0 = Debug|Any CPU
		{31A878CE-B0E1-4711-8592-35B8F7D90AB2}.Release|Any CPU.ActiveCfg = Release|Any CPU
		{31A878CE-B0E1-4711-8592-35B8F7D90AB2}.Release|Any CPU.Build.0 = Release|Any CPU
	EndGlobalSection
	GlobalSection(SolutionProperties) = preSolution
		HideSolutionNode = FALSE
	EndGlobalSection
	GlobalSection(ExtensibilityGlobals) = postSolution
		SolutionGuid = {20570B9B-89FA-4FAD-9847-AC89CEEB484D}
	EndGlobalSection
EndGlobal
