
Microsoft Visual Studio Solution File, Format Version 12.00
# Visual Studio Version 16
VisualStudioVersion = 16.0.31702.278
MinimumVisualStudioVersion = 10.0.40219.1
Project("{FAE04EC0-301F-11D3-BF4B-00C04F79EFBC}") = "DelegateApp", "DelegateApp\DelegateApp.csproj", "{19DCA7C1-D026-4C26-94C3-D834025730A9}"
EndProject
Global
	GlobalSection(SolutionConfigurationPlatforms) = preSolution
		Debug|Any CPU = Debug|Any CPU
		Release|Any CPU = Release|Any CPU
	EndGlobalSection
	GlobalSection(ProjectConfigurationPlatforms) = postSolution
		{19DCA7C1-D026-4C26-94C3-D834025730A9}.Debug|Any CPU.ActiveCfg = Debug|Any CPU
		{19DCA7C1-D026-4C26-94C3-D834025730A9}.Debug|Any CPU.Build.0 = Debug|Any CPU
		{19DCA7C1-D026-4C26-94C3-D834025730A9}.Release|Any CPU.ActiveCfg = Release|Any CPU
		{19DCA7C1-D026-4C26-94C3-D834025730A9}.Release|Any CPU.Build.0 = Release|Any CPU
	EndGlobalSection
	GlobalSection(SolutionProperties) = preSolution
		HideSolutionNode = FALSE
	EndGlobalSection
	GlobalSection(ExtensibilityGlobals) = postSolution
		SolutionGuid = {A5049438-165E-4245-8C0B-9861CAE4F374}
	EndGlobalSection
EndGlobal
