
Microsoft Visual Studio Solution File, Format Version 12.00
# Visual Studio Version 16
VisualStudioVersion = 16.0.31702.278
MinimumVisualStudioVersion = 10.0.40219.1
Project("{FAE04EC0-301F-11D3-BF4B-00C04F79EFBC}") = "DailyTemperatures", "DailyTemperatures\DailyTemperatures.csproj", "{B8B7576C-0A77-4E80-AB42-77186700F1A1}"
EndProject
Global
	GlobalSection(SolutionConfigurationPlatforms) = preSolution
		Debug|Any CPU = Debug|Any CPU
		Release|Any CPU = Release|Any CPU
	EndGlobalSection
	GlobalSection(ProjectConfigurationPlatforms) = postSolution
		{B8B7576C-0A77-4E80-AB42-77186700F1A1}.Debug|Any CPU.ActiveCfg = Debug|Any CPU
		{B8B7576C-0A77-4E80-AB42-77186700F1A1}.Debug|Any CPU.Build.0 = Debug|Any CPU
		{B8B7576C-0A77-4E80-AB42-77186700F1A1}.Release|Any CPU.ActiveCfg = Release|Any CPU
		{B8B7576C-0A77-4E80-AB42-77186700F1A1}.Release|Any CPU.Build.0 = Release|Any CPU
	EndGlobalSection
	GlobalSection(SolutionProperties) = preSolution
		HideSolutionNode = FALSE
	EndGlobalSection
	GlobalSection(ExtensibilityGlobals) = postSolution
		SolutionGuid = {4D173255-47B3-4F44-BDBC-D1A83B7457A9}
	EndGlobalSection
EndGlobal
