
Microsoft Visual Studio Solution File, Format Version 12.00
# Visual Studio Version 16
VisualStudioVersion = 16.0.31702.278
MinimumVisualStudioVersion = 10.0.40219.1
Project("{FAE04EC0-301F-11D3-BF4B-00C04F79EFBC}") = "SingletonDesignPattern", "SingletonDesignPattern\SingletonDesignPattern.csproj", "{BCCE40EC-A889-4839-B608-31AA91978712}"
EndProject
Global
	GlobalSection(SolutionConfigurationPlatforms) = preSolution
		Debug|Any CPU = Debug|Any CPU
		Release|Any CPU = Release|Any CPU
	EndGlobalSection
	GlobalSection(ProjectConfigurationPlatforms) = postSolution
		{BCCE40EC-A889-4839-B608-31AA91978712}.Debug|Any CPU.ActiveCfg = Debug|Any CPU
		{BCCE40EC-A889-4839-B608-31AA91978712}.Debug|Any CPU.Build.0 = Debug|Any CPU
		{BCCE40EC-A889-4839-B608-31AA91978712}.Release|Any CPU.ActiveCfg = Release|Any CPU
		{BCCE40EC-A889-4839-B608-31AA91978712}.Release|Any CPU.Build.0 = Release|Any CPU
	EndGlobalSection
	GlobalSection(SolutionProperties) = preSolution
		HideSolutionNode = FALSE
	EndGlobalSection
	GlobalSection(ExtensibilityGlobals) = postSolution
		SolutionGuid = {2402CA11-0BA7-4D45-A1CC-840A89ABA4EA}
	EndGlobalSection
EndGlobal
