
Microsoft Visual Studio Solution File, Format Version 12.00
# Visual Studio Version 16
VisualStudioVersion = 16.0.31702.278
MinimumVisualStudioVersion = 10.0.40219.1
Project("{FAE04EC0-301F-11D3-BF4B-00C04F79EFBC}") = "ProductApp", "ProductApp\ProductApp.csproj", "{171D51DB-F631-4391-9ED8-57C6E812F8B0}"
EndProject
Global
	GlobalSection(SolutionConfigurationPlatforms) = preSolution
		Debug|Any CPU = Debug|Any CPU
		Release|Any CPU = Release|Any CPU
	EndGlobalSection
	GlobalSection(ProjectConfigurationPlatforms) = postSolution
		{171D51DB-F631-4391-9ED8-57C6E812F8B0}.Debug|Any CPU.ActiveCfg = Debug|Any CPU
		{171D51DB-F631-4391-9ED8-57C6E812F8B0}.Debug|Any CPU.Build.0 = Debug|Any CPU
		{171D51DB-F631-4391-9ED8-57C6E812F8B0}.Release|Any CPU.ActiveCfg = Release|Any CPU
		{171D51DB-F631-4391-9ED8-57C6E812F8B0}.Release|Any CPU.Build.0 = Release|Any CPU
	EndGlobalSection
	GlobalSection(SolutionProperties) = preSolution
		HideSolutionNode = FALSE
	EndGlobalSection
	GlobalSection(ExtensibilityGlobals) = postSolution
		SolutionGuid = {AA95D946-E906-4729-95EF-DE19E5370C09}
	EndGlobalSection
EndGlobal
