
Microsoft Visual Studio Solution File, Format Version 12.00
# Visual Studio Version 16
VisualStudioVersion = 16.0.31702.278
MinimumVisualStudioVersion = 10.0.40219.1
Project("{FAE04EC0-301F-11D3-BF4B-00C04F79EFBC}") = "RicksInventoryApp", "RicksInventoryApp\RicksInventoryApp.csproj", "{C04DF55E-FA0E-41F6-B4E4-DFEB963C59F4}"
EndProject
Global
	GlobalSection(SolutionConfigurationPlatforms) = preSolution
		Debug|Any CPU = Debug|Any CPU
		Release|Any CPU = Release|Any CPU
	EndGlobalSection
	GlobalSection(ProjectConfigurationPlatforms) = postSolution
		{C04DF55E-FA0E-41F6-B4E4-DFEB963C59F4}.Debug|Any CPU.ActiveCfg = Debug|Any CPU
		{C04DF55E-FA0E-41F6-B4E4-DFEB963C59F4}.Debug|Any CPU.Build.0 = Debug|Any CPU
		{C04DF55E-FA0E-41F6-B4E4-DFEB963C59F4}.Release|Any CPU.ActiveCfg = Release|Any CPU
		{C04DF55E-FA0E-41F6-B4E4-DFEB963C59F4}.Release|Any CPU.Build.0 = Release|Any CPU
	EndGlobalSection
	GlobalSection(SolutionProperties) = preSolution
		HideSolutionNode = FALSE
	EndGlobalSection
	GlobalSection(ExtensibilityGlobals) = postSolution
		SolutionGuid = {ADCE8DE8-EC99-41CC-9B44-814B2C485561}
	EndGlobalSection
EndGlobal
