
Microsoft Visual Studio Solution File, Format Version 12.00
# Visual Studio Version 16
VisualStudioVersion = 16.0.31702.278
MinimumVisualStudioVersion = 10.0.40219.1
Project("{FAE04EC0-301F-11D3-BF4B-00C04F79EFBC}") = "PolymorphismExampleApp", "PolymorphismExampleApp\PolymorphismExampleApp.csproj", "{1E5067D7-5357-4C68-8DDA-99B7B91C9082}"
EndProject
Global
	GlobalSection(SolutionConfigurationPlatforms) = preSolution
		Debug|Any CPU = Debug|Any CPU
		Release|Any CPU = Release|Any CPU
	EndGlobalSection
	GlobalSection(ProjectConfigurationPlatforms) = postSolution
		{1E5067D7-5357-4C68-8DDA-99B7B91C9082}.Debug|Any CPU.ActiveCfg = Debug|Any CPU
		{1E5067D7-5357-4C68-8DDA-99B7B91C9082}.Debug|Any CPU.Build.0 = Debug|Any CPU
		{1E5067D7-5357-4C68-8DDA-99B7B91C9082}.Release|Any CPU.ActiveCfg = Release|Any CPU
		{1E5067D7-5357-4C68-8DDA-99B7B91C9082}.Release|Any CPU.Build.0 = Release|Any CPU
	EndGlobalSection
	GlobalSection(SolutionProperties) = preSolution
		HideSolutionNode = FALSE
	EndGlobalSection
	GlobalSection(ExtensibilityGlobals) = postSolution
		SolutionGuid = {4AA2994F-E5C6-426D-9472-B9EDAF825DF7}
	EndGlobalSection
EndGlobal
