
Microsoft Visual Studio Solution File, Format Version 12.00
# Visual Studio Version 16
VisualStudioVersion = 16.0.31702.278
MinimumVisualStudioVersion = 10.0.40219.1
Project("{FAE04EC0-301F-11D3-BF4B-00C04F79EFBC}") = "MovableApp", "MovableApp\MovableApp.csproj", "{19C3877C-91E6-4965-A5B8-646D00F02C2E}"
EndProject
Global
	GlobalSection(SolutionConfigurationPlatforms) = preSolution
		Debug|Any CPU = Debug|Any CPU
		Release|Any CPU = Release|Any CPU
	EndGlobalSection
	GlobalSection(ProjectConfigurationPlatforms) = postSolution
		{19C3877C-91E6-4965-A5B8-646D00F02C2E}.Debug|Any CPU.ActiveCfg = Debug|Any CPU
		{19C3877C-91E6-4965-A5B8-646D00F02C2E}.Debug|Any CPU.Build.0 = Debug|Any CPU
		{19C3877C-91E6-4965-A5B8-646D00F02C2E}.Release|Any CPU.ActiveCfg = Release|Any CPU
		{19C3877C-91E6-4965-A5B8-646D00F02C2E}.Release|Any CPU.Build.0 = Release|Any CPU
	EndGlobalSection
	GlobalSection(SolutionProperties) = preSolution
		HideSolutionNode = FALSE
	EndGlobalSection
	GlobalSection(ExtensibilityGlobals) = postSolution
		SolutionGuid = {017C1F30-1789-4FA8-A776-A7EBD2C9ABB7}
	EndGlobalSection
EndGlobal
