
Microsoft Visual Studio Solution File, Format Version 12.00
# Visual Studio Version 16
VisualStudioVersion = 16.0.31702.278
MinimumVisualStudioVersion = 10.0.40219.1
Project("{FAE04EC0-301F-11D3-BF4B-00C04F79EFBC}") = "HatDecoratorApp", "HatDecoratorApp\HatDecoratorApp.csproj", "{9E48D017-7459-472D-A20C-E07E955B044E}"
EndProject
Global
	GlobalSection(SolutionConfigurationPlatforms) = preSolution
		Debug|Any CPU = Debug|Any CPU
		Release|Any CPU = Release|Any CPU
	EndGlobalSection
	GlobalSection(ProjectConfigurationPlatforms) = postSolution
		{9E48D017-7459-472D-A20C-E07E955B044E}.Debug|Any CPU.ActiveCfg = Debug|Any CPU
		{9E48D017-7459-472D-A20C-E07E955B044E}.Debug|Any CPU.Build.0 = Debug|Any CPU
		{9E48D017-7459-472D-A20C-E07E955B044E}.Release|Any CPU.ActiveCfg = Release|Any CPU
		{9E48D017-7459-472D-A20C-E07E955B044E}.Release|Any CPU.Build.0 = Release|Any CPU
	EndGlobalSection
	GlobalSection(SolutionProperties) = preSolution
		HideSolutionNode = FALSE
	EndGlobalSection
	GlobalSection(ExtensibilityGlobals) = postSolution
		SolutionGuid = {78E3EDC6-629D-4594-AE33-3162E28BA0FE}
	EndGlobalSection
EndGlobal
