
Microsoft Visual Studio Solution File, Format Version 12.00
# Visual Studio Version 16
VisualStudioVersion = 16.0.31702.278
MinimumVisualStudioVersion = 10.0.40219.1
Project("{FAE04EC0-301F-11D3-BF4B-00C04F79EFBC}") = "CustomExceptionApp", "CustomExceptionApp\CustomExceptionApp.csproj", "{1CE35920-4A87-4E6A-9E37-D77FBA6D7E6C}"
EndProject
Global
	GlobalSection(SolutionConfigurationPlatforms) = preSolution
		Debug|Any CPU = Debug|Any CPU
		Release|Any CPU = Release|Any CPU
	EndGlobalSection
	GlobalSection(ProjectConfigurationPlatforms) = postSolution
		{1CE35920-4A87-4E6A-9E37-D77FBA6D7E6C}.Debug|Any CPU.ActiveCfg = Debug|Any CPU
		{1CE35920-4A87-4E6A-9E37-D77FBA6D7E6C}.Debug|Any CPU.Build.0 = Debug|Any CPU
		{1CE35920-4A87-4E6A-9E37-D77FBA6D7E6C}.Release|Any CPU.ActiveCfg = Release|Any CPU
		{1CE35920-4A87-4E6A-9E37-D77FBA6D7E6C}.Release|Any CPU.Build.0 = Release|Any CPU
	EndGlobalSection
	GlobalSection(SolutionProperties) = preSolution
		HideSolutionNode = FALSE
	EndGlobalSection
	GlobalSection(ExtensibilityGlobals) = postSolution
		SolutionGuid = {678FE327-FAD7-46E5-9032-7440D1EAA5CE}
	EndGlobalSection
EndGlobal
