
Microsoft Visual Studio Solution File, Format Version 12.00
# Visual Studio Version 16
VisualStudioVersion = 16.0.31702.278
MinimumVisualStudioVersion = 10.0.40219.1
Project("{FAE04EC0-301F-11D3-BF4B-00C04F79EFBC}") = "CustomerApp", "CustomerApp\CustomerApp.csproj", "{978D12FB-9348-4613-8E11-6EFBB9BD1210}"
EndProject
Global
	GlobalSection(SolutionConfigurationPlatforms) = preSolution
		Debug|Any CPU = Debug|Any CPU
		Release|Any CPU = Release|Any CPU
	EndGlobalSection
	GlobalSection(ProjectConfigurationPlatforms) = postSolution
		{978D12FB-9348-4613-8E11-6EFBB9BD1210}.Debug|Any CPU.ActiveCfg = Debug|Any CPU
		{978D12FB-9348-4613-8E11-6EFBB9BD1210}.Debug|Any CPU.Build.0 = Debug|Any CPU
		{978D12FB-9348-4613-8E11-6EFBB9BD1210}.Release|Any CPU.ActiveCfg = Release|Any CPU
		{978D12FB-9348-4613-8E11-6EFBB9BD1210}.Release|Any CPU.Build.0 = Release|Any CPU
	EndGlobalSection
	GlobalSection(SolutionProperties) = preSolution
		HideSolutionNode = FALSE
	EndGlobalSection
	GlobalSection(ExtensibilityGlobals) = postSolution
		SolutionGuid = {DB7CB3CB-2211-42E4-B506-0B58B3D992F2}
	EndGlobalSection
EndGlobal
