
Microsoft Visual Studio Solution File, Format Version 12.00
# Visual Studio Version 16
VisualStudioVersion = 16.0.31702.278
MinimumVisualStudioVersion = 10.0.40219.1
Project("{FAE04EC0-301F-11D3-BF4B-00C04F79EFBC}") = "DIPViolationApp", "DIPViolationApp\DIPViolationApp.csproj", "{399270FF-3075-4CA5-87C7-881A4901EF58}"
EndProject
Project("{FAE04EC0-301F-11D3-BF4B-00C04F79EFBC}") = "DIPSolutionApp", "DIPSolutionApp\DIPSolutionApp.csproj", "{00057F7D-97E9-42E5-93DF-2C5F065E2856}"
EndProject
Global
	GlobalSection(SolutionConfigurationPlatforms) = preSolution
		Debug|Any CPU = Debug|Any CPU
		Release|Any CPU = Release|Any CPU
	EndGlobalSection
	GlobalSection(ProjectConfigurationPlatforms) = postSolution
		{399270FF-3075-4CA5-87C7-881A4901EF58}.Debug|Any CPU.ActiveCfg = Debug|Any CPU
		{399270FF-3075-4CA5-87C7-881A4901EF58}.Debug|Any CPU.Build.0 = Debug|Any CPU
		{399270FF-3075-4CA5-87C7-881A4901EF58}.Release|Any CPU.ActiveCfg = Release|Any CPU
		{399270FF-3075-4CA5-87C7-881A4901EF58}.Release|Any CPU.Build.0 = Release|Any CPU
		{00057F7D-97E9-42E5-93DF-2C5F065E2856}.Debug|Any CPU.ActiveCfg = Debug|Any CPU
		{00057F7D-97E9-42E5-93DF-2C5F065E2856}.Debug|Any CPU.Build.0 = Debug|Any CPU
		{00057F7D-97E9-42E5-93DF-2C5F065E2856}.Release|Any CPU.ActiveCfg = Release|Any CPU
		{00057F7D-97E9-42E5-93DF-2C5F065E2856}.Release|Any CPU.Build.0 = Release|Any CPU
	EndGlobalSection
	GlobalSection(SolutionProperties) = preSolution
		HideSolutionNode = FALSE
	EndGlobalSection
	GlobalSection(ExtensibilityGlobals) = postSolution
		SolutionGuid = {4BE781B6-1A03-4B13-B628-7BE7347F9EB1}
	EndGlobalSection
EndGlobal
