
Microsoft Visual Studio Solution File, Format Version 12.00
# Visual Studio Version 16
VisualStudioVersion = 16.0.31702.278
MinimumVisualStudioVersion = 10.0.40219.1
Project("{FAE04EC0-301F-11D3-BF4B-00C04F79EFBC}") = "ThisPointerApp", "ThisPointerApp\ThisPointerApp.csproj", "{CEFEAE39-A113-45DC-B902-69FB704D2EE4}"
EndProject
Global
	GlobalSection(SolutionConfigurationPlatforms) = preSolution
		Debug|Any CPU = Debug|Any CPU
		Release|Any CPU = Release|Any CPU
	EndGlobalSection
	GlobalSection(ProjectConfigurationPlatforms) = postSolution
		{CEFEAE39-A113-45DC-B902-69FB704D2EE4}.Debug|Any CPU.ActiveCfg = Debug|Any CPU
		{CEFEAE39-A113-45DC-B902-69FB704D2EE4}.Debug|Any CPU.Build.0 = Debug|Any CPU
		{CEFEAE39-A113-45DC-B902-69FB704D2EE4}.Release|Any CPU.ActiveCfg = Release|Any CPU
		{CEFEAE39-A113-45DC-B902-69FB704D2EE4}.Release|Any CPU.Build.0 = Release|Any CPU
	EndGlobalSection
	GlobalSection(SolutionProperties) = preSolution
		HideSolutionNode = FALSE
	EndGlobalSection
	GlobalSection(ExtensibilityGlobals) = postSolution
		SolutionGuid = {5BFC0F47-20CE-4501-9701-7B7111B9BC97}
	EndGlobalSection
EndGlobal
