
Microsoft Visual Studio Solution File, Format Version 12.00
# Visual Studio Version 16
VisualStudioVersion = 16.0.31702.278
MinimumVisualStudioVersion = 10.0.40219.1
Project("{FAE04EC0-301F-11D3-BF4B-00C04F79EFBC}") = "TicTacToeApp", "TicTacToeApp\TicTacToeApp.csproj", "{BD192730-1FEB-4D6F-BFF1-AB806A4D53D3}"
EndProject
Global
	GlobalSection(SolutionConfigurationPlatforms) = preSolution
		Debug|Any CPU = Debug|Any CPU
		Release|Any CPU = Release|Any CPU
	EndGlobalSection
	GlobalSection(ProjectConfigurationPlatforms) = postSolution
		{BD192730-1FEB-4D6F-BFF1-AB806A4D53D3}.Debug|Any CPU.ActiveCfg = Debug|Any CPU
		{BD192730-1FEB-4D6F-BFF1-AB806A4D53D3}.Debug|Any CPU.Build.0 = Debug|Any CPU
		{BD192730-1FEB-4D6F-BFF1-AB806A4D53D3}.Release|Any CPU.ActiveCfg = Release|Any CPU
		{BD192730-1FEB-4D6F-BFF1-AB806A4D53D3}.Release|Any CPU.Build.0 = Release|Any CPU
	EndGlobalSection
	GlobalSection(SolutionProperties) = preSolution
		HideSolutionNode = FALSE
	EndGlobalSection
	GlobalSection(ExtensibilityGlobals) = postSolution
		SolutionGuid = {6C31793A-5549-4380-B034-4C4655745DE7}
	EndGlobalSection
EndGlobal
