
Microsoft Visual Studio Solution File, Format Version 12.00
# Visual Studio Version 16
VisualStudioVersion = 16.0.31702.278
MinimumVisualStudioVersion = 10.0.40219.1
Project("{FAE04EC0-301F-11D3-BF4B-00C04F79EFBC}") = "AurionProConvertorApp", "AurionProConvertorApp\AurionProConvertorApp.csproj", "{811EC08D-D554-4C0F-8585-8B773AC35062}"
EndProject
Project("{FAE04EC0-301F-11D3-BF4B-00C04F79EFBC}") = "AurionProConvertor", "AurionProConvertor\AurionProConvertor.csproj", "{C9B7A1B0-E7A6-4AD6-A051-9D6CE9AA736E}"
EndProject
Project("{FAE04EC0-301F-11D3-BF4B-00C04F79EFBC}") = "AurionProConverterUnitTest", "AurionProConverterUnitTest\AurionProConverterUnitTest.csproj", "{07EF3D55-35C5-4CA2-88A4-701459966067}"
EndProject
Global
	GlobalSection(SolutionConfigurationPlatforms) = preSolution
		Debug|Any CPU = Debug|Any CPU
		Release|Any CPU = Release|Any CPU
	EndGlobalSection
	GlobalSection(ProjectConfigurationPlatforms) = postSolution
		{811EC08D-D554-4C0F-8585-8B773AC35062}.Debug|Any CPU.ActiveCfg = Debug|Any CPU
		{811EC08D-D554-4C0F-8585-8B773AC35062}.Debug|Any CPU.Build.0 = Debug|Any CPU
		{811EC08D-D554-4C0F-8585-8B773AC35062}.Release|Any CPU.ActiveCfg = Release|Any CPU
		{811EC08D-D554-4C0F-8585-8B773AC35062}.Release|Any CPU.Build.0 = Release|Any CPU
		{C9B7A1B0-E7A6-4AD6-A051-9D6CE9AA736E}.Debug|Any CPU.ActiveCfg = Debug|Any CPU
		{C9B7A1B0-E7A6-4AD6-A051-9D6CE9AA736E}.Debug|Any CPU.Build.0 = Debug|Any CPU
		{C9B7A1B0-E7A6-4AD6-A051-9D6CE9AA736E}.Release|Any CPU.ActiveCfg = Release|Any CPU
		{C9B7A1B0-E7A6-4AD6-A051-9D6CE9AA736E}.Release|Any CPU.Build.0 = Release|Any CPU
		{07EF3D55-35C5-4CA2-88A4-701459966067}.Debug|Any CPU.ActiveCfg = Debug|Any CPU
		{07EF3D55-35C5-4CA2-88A4-701459966067}.Debug|Any CPU.Build.0 = Debug|Any CPU
		{07EF3D55-35C5-4CA2-88A4-701459966067}.Release|Any CPU.ActiveCfg = Release|Any CPU
		{07EF3D55-35C5-4CA2-88A4-701459966067}.Release|Any CPU.Build.0 = Release|Any CPU
	EndGlobalSection
	GlobalSection(SolutionProperties) = preSolution
		HideSolutionNode = FALSE
	EndGlobalSection
	GlobalSection(ExtensibilityGlobals) = postSolution
		SolutionGuid = {D8F3ED47-6EBB-44F4-9578-07A496D8784C}
	EndGlobalSection
EndGlobal
