
Microsoft Visual Studio Solution File, Format Version 12.00
# Visual Studio Version 16
VisualStudioVersion = 16.0.31702.278
MinimumVisualStudioVersion = 10.0.40219.1
Project("{FAE04EC0-301F-11D3-BF4B-00C04F79EFBC}") = "EngineeringCollegeApp", "EngineeringCollegeApp\EngineeringCollegeApp.csproj", "{873C3712-1EE4-46D4-9275-6D0D6BFA48C6}"
EndProject
Global
	GlobalSection(SolutionConfigurationPlatforms) = preSolution
		Debug|Any CPU = Debug|Any CPU
		Release|Any CPU = Release|Any CPU
	EndGlobalSection
	GlobalSection(ProjectConfigurationPlatforms) = postSolution
		{873C3712-1EE4-46D4-9275-6D0D6BFA48C6}.Debug|Any CPU.ActiveCfg = Debug|Any CPU
		{873C3712-1EE4-46D4-9275-6D0D6BFA48C6}.Debug|Any CPU.Build.0 = Debug|Any CPU
		{873C3712-1EE4-46D4-9275-6D0D6BFA48C6}.Release|Any CPU.ActiveCfg = Release|Any CPU
		{873C3712-1EE4-46D4-9275-6D0D6BFA48C6}.Release|Any CPU.Build.0 = Release|Any CPU
	EndGlobalSection
	GlobalSection(SolutionProperties) = preSolution
		HideSolutionNode = FALSE
	EndGlobalSection
	GlobalSection(ExtensibilityGlobals) = postSolution
		SolutionGuid = {24113F72-B698-45C9-B48C-488C72BDBBDC}
	EndGlobalSection
EndGlobal
