
Microsoft Visual Studio Solution File, Format Version 12.00
# Visual Studio Version 16
VisualStudioVersion = 16.0.31702.278
MinimumVisualStudioVersion = 10.0.40219.1
Project("{FAE04EC0-301F-11D3-BF4B-00C04F79EFBC}") = "CmdLineApp", "CmdLineApp\CmdLineApp.csproj", "{AB3ECD04-728B-4891-A133-A1EE84F6D471}"
EndProject
Global
	GlobalSection(SolutionConfigurationPlatforms) = preSolution
		Debug|Any CPU = Debug|Any CPU
		Release|Any CPU = Release|Any CPU
	EndGlobalSection
	GlobalSection(ProjectConfigurationPlatforms) = postSolution
		{AB3ECD04-728B-4891-A133-A1EE84F6D471}.Debug|Any CPU.ActiveCfg = Debug|Any CPU
		{AB3ECD04-728B-4891-A133-A1EE84F6D471}.Debug|Any CPU.Build.0 = Debug|Any CPU
		{AB3ECD04-728B-4891-A133-A1EE84F6D471}.Release|Any CPU.ActiveCfg = Release|Any CPU
		{AB3ECD04-728B-4891-A133-A1EE84F6D471}.Release|Any CPU.Build.0 = Release|Any CPU
	EndGlobalSection
	GlobalSection(SolutionProperties) = preSolution
		HideSolutionNode = FALSE
	EndGlobalSection
	GlobalSection(ExtensibilityGlobals) = postSolution
		SolutionGuid = {5F7CEBB9-CA4E-4AA3-B6C8-394C405F62CD}
	EndGlobalSection
EndGlobal
