
Microsoft Visual Studio Solution File, Format Version 12.00
# Visual Studio Version 16
VisualStudioVersion = 16.0.31702.278
MinimumVisualStudioVersion = 10.0.40219.1
Project("{FAE04EC0-301F-11D3-BF4B-00C04F79EFBC}") = "SRPViolationApp", "SRPViolationApp\SRPViolationApp.csproj", "{8F34FBE7-C45D-4700-9DED-F5BFBC570F7E}"
EndProject
Project("{FAE04EC0-301F-11D3-BF4B-00C04F79EFBC}") = "SRPSolutionApp", "SRPSolutionApp\SRPSolutionApp.csproj", "{3A02BD52-87DE-4E7D-A97A-09BBCB385CA9}"
EndProject
Global
	GlobalSection(SolutionConfigurationPlatforms) = preSolution
		Debug|Any CPU = Debug|Any CPU
		Release|Any CPU = Release|Any CPU
	EndGlobalSection
	GlobalSection(ProjectConfigurationPlatforms) = postSolution
		{8F34FBE7-C45D-4700-9DED-F5BFBC570F7E}.Debug|Any CPU.ActiveCfg = Debug|Any CPU
		{8F34FBE7-C45D-4700-9DED-F5BFBC570F7E}.Debug|Any CPU.Build.0 = Debug|Any CPU
		{8F34FBE7-C45D-4700-9DED-F5BFBC570F7E}.Release|Any CPU.ActiveCfg = Release|Any CPU
		{8F34FBE7-C45D-4700-9DED-F5BFBC570F7E}.Release|Any CPU.Build.0 = Release|Any CPU
		{3A02BD52-87DE-4E7D-A97A-09BBCB385CA9}.Debug|Any CPU.ActiveCfg = Debug|Any CPU
		{3A02BD52-87DE-4E7D-A97A-09BBCB385CA9}.Debug|Any CPU.Build.0 = Debug|Any CPU
		{3A02BD52-87DE-4E7D-A97A-09BBCB385CA9}.Release|Any CPU.ActiveCfg = Release|Any CPU
		{3A02BD52-87DE-4E7D-A97A-09BBCB385CA9}.Release|Any CPU.Build.0 = Release|Any CPU
	EndGlobalSection
	GlobalSection(SolutionProperties) = preSolution
		HideSolutionNode = FALSE
	EndGlobalSection
	GlobalSection(ExtensibilityGlobals) = postSolution
		SolutionGuid = {D5B8FC8A-63CE-4427-878D-78BEE5B475CB}
	EndGlobalSection
EndGlobal
