
Microsoft Visual Studio Solution File, Format Version 12.00
# Visual Studio Version 16
VisualStudioVersion = 16.0.31702.278
MinimumVisualStudioVersion = 10.0.40219.1
Project("{FAE04EC0-301F-11D3-BF4B-00C04F79EFBC}") = "AccountCustomExceptionApp", "AccountCustomExceptionApp\AccountCustomExceptionApp.csproj", "{2926D5E5-721C-40D6-BC6E-857465449772}"
EndProject
Global
	GlobalSection(SolutionConfigurationPlatforms) = preSolution
		Debug|Any CPU = Debug|Any CPU
		Release|Any CPU = Release|Any CPU
	EndGlobalSection
	GlobalSection(ProjectConfigurationPlatforms) = postSolution
		{2926D5E5-721C-40D6-BC6E-857465449772}.Debug|Any CPU.ActiveCfg = Debug|Any CPU
		{2926D5E5-721C-40D6-BC6E-857465449772}.Debug|Any CPU.Build.0 = Debug|Any CPU
		{2926D5E5-721C-40D6-BC6E-857465449772}.Release|Any CPU.ActiveCfg = Release|Any CPU
		{2926D5E5-721C-40D6-BC6E-857465449772}.Release|Any CPU.Build.0 = Release|Any CPU
	EndGlobalSection
	GlobalSection(SolutionProperties) = preSolution
		HideSolutionNode = FALSE
	EndGlobalSection
	GlobalSection(ExtensibilityGlobals) = postSolution
		SolutionGuid = {85E60550-2CC8-4F0F-B6BD-CF76B5080B11}
	EndGlobalSection
EndGlobal
