
Microsoft Visual Studio Solution File, Format Version 12.00
# Visual Studio Version 16
VisualStudioVersion = 16.0.31702.278
MinimumVisualStudioVersion = 10.0.40219.1
Project("{FAE04EC0-301F-11D3-BF4B-00C04F79EFBC}") = "CarInspectionDecoratorPatternApp", "CarInspectionDecoratorPatternApp\CarInspectionDecoratorPatternApp.csproj", "{C32BA1F5-C68A-42EF-B234-8AB532BB59A2}"
EndProject
Global
	GlobalSection(SolutionConfigurationPlatforms) = preSolution
		Debug|Any CPU = Debug|Any CPU
		Release|Any CPU = Release|Any CPU
	EndGlobalSection
	GlobalSection(ProjectConfigurationPlatforms) = postSolution
		{C32BA1F5-C68A-42EF-B234-8AB532BB59A2}.Debug|Any CPU.ActiveCfg = Debug|Any CPU
		{C32BA1F5-C68A-42EF-B234-8AB532BB59A2}.Debug|Any CPU.Build.0 = Debug|Any CPU
		{C32BA1F5-C68A-42EF-B234-8AB532BB59A2}.Release|Any CPU.ActiveCfg = Release|Any CPU
		{C32BA1F5-C68A-42EF-B234-8AB532BB59A2}.Release|Any CPU.Build.0 = Release|Any CPU
	EndGlobalSection
	GlobalSection(SolutionProperties) = preSolution
		HideSolutionNode = FALSE
	EndGlobalSection
	GlobalSection(ExtensibilityGlobals) = postSolution
		SolutionGuid = {DBAAC1E4-FA4E-492E-8572-6CE3C5C8634E}
	EndGlobalSection
EndGlobal
