
Microsoft Visual Studio Solution File, Format Version 12.00
# Visual Studio Version 16
VisualStudioVersion = 16.0.31702.278
MinimumVisualStudioVersion = 10.0.40219.1
Project("{FAE04EC0-301F-11D3-BF4B-00C04F79EFBC}") = "GenericDictionaryApp", "GenericDictionaryApp\GenericDictionaryApp.csproj", "{D70F0488-B140-4484-A2A4-6A1165AEFDFE}"
EndProject
Global
	GlobalSection(SolutionConfigurationPlatforms) = preSolution
		Debug|Any CPU = Debug|Any CPU
		Release|Any CPU = Release|Any CPU
	EndGlobalSection
	GlobalSection(ProjectConfigurationPlatforms) = postSolution
		{D70F0488-B140-4484-A2A4-6A1165AEFDFE}.Debug|Any CPU.ActiveCfg = Debug|Any CPU
		{D70F0488-B140-4484-A2A4-6A1165AEFDFE}.Debug|Any CPU.Build.0 = Debug|Any CPU
		{D70F0488-B140-4484-A2A4-6A1165AEFDFE}.Release|Any CPU.ActiveCfg = Release|Any CPU
		{D70F0488-B140-4484-A2A4-6A1165AEFDFE}.Release|Any CPU.Build.0 = Release|Any CPU
	EndGlobalSection
	GlobalSection(SolutionProperties) = preSolution
		HideSolutionNode = FALSE
	EndGlobalSection
	GlobalSection(ExtensibilityGlobals) = postSolution
		SolutionGuid = {376E9D27-43F3-438A-8C3C-2795A6EEDF02}
	EndGlobalSection
EndGlobal
