
Microsoft Visual Studio Solution File, Format Version 12.00
# Visual Studio Version 16
VisualStudioVersion = 16.0.31702.278
MinimumVisualStudioVersion = 10.0.40219.1
Project("{FAE04EC0-301F-11D3-BF4B-00C04F79EFBC}") = "RectangleConstructorApp", "RectangleConstructorApp\RectangleConstructorApp.csproj", "{2B968EBF-7A7D-4F06-B2D3-0E4C6152F42A}"
EndProject
Global
	GlobalSection(SolutionConfigurationPlatforms) = preSolution
		Debug|Any CPU = Debug|Any CPU
		Release|Any CPU = Release|Any CPU
	EndGlobalSection
	GlobalSection(ProjectConfigurationPlatforms) = postSolution
		{2B968EBF-7A7D-4F06-B2D3-0E4C6152F42A}.Debug|Any CPU.ActiveCfg = Debug|Any CPU
		{2B968EBF-7A7D-4F06-B2D3-0E4C6152F42A}.Debug|Any CPU.Build.0 = Debug|Any CPU
		{2B968EBF-7A7D-4F06-B2D3-0E4C6152F42A}.Release|Any CPU.ActiveCfg = Release|Any CPU
		{2B968EBF-7A7D-4F06-B2D3-0E4C6152F42A}.Release|Any CPU.Build.0 = Release|Any CPU
	EndGlobalSection
	GlobalSection(SolutionProperties) = preSolution
		HideSolutionNode = FALSE
	EndGlobalSection
	GlobalSection(ExtensibilityGlobals) = postSolution
		SolutionGuid = {E8D6E83F-5251-427E-8BBF-F1B912CF2C09}
	EndGlobalSection
EndGlobal
